
Microsoft Visual Studio Solution File, Format Version 12.00
# Visual Studio Version 16
VisualStudioVersion = 16.0.30717.126
MinimumVisualStudioVersion = 10.0.40219.1
Project("{9A19103F-16F7-4668-BE54-9A1E7A4F7556}") = "Entrogic", "Entrogic.csproj", "{C43D9D96-5F5D-4FB0-9FCC-4253E7F97515}"
EndProject
Global
	GlobalSection(SolutionConfigurationPlatforms) = preSolution
		Debug|Any CPU = Debug|Any CPU
		Release|Any CPU = Release|Any CPU
	EndGlobalSection
	GlobalSection(ProjectConfigurationPlatforms) = postSolution
		{C43D9D96-5F5D-4FB0-9FCC-4253E7F97515}.Debug|Any CPU.ActiveCfg = Debug|Any CPU
		{C43D9D96-5F5D-4FB0-9FCC-4253E7F97515}.Debug|Any CPU.Build.0 = Debug|Any CPU
		{C43D9D96-5F5D-4FB0-9FCC-4253E7F97515}.Release|Any CPU.ActiveCfg = Release|Any CPU
		{C43D9D96-5F5D-4FB0-9FCC-4253E7F97515}.Release|Any CPU.Build.0 = Release|Any CPU
	EndGlobalSection
	GlobalSection(SolutionProperties) = preSolution
		HideSolutionNode = FALSE
	EndGlobalSection
	GlobalSection(ExtensibilityGlobals) = postSolution
		SolutionGuid = {D7DED03E-4891-4B4B-B377-FB67D75E3A7D}
	EndGlobalSection
EndGlobal
